# This file is generated by running "yarn install" inside your project.
# Manual changes might be lost - proceed with caution!

__metadata:
  version: 6
  cacheKey: 8

"@citizenfx/client@npm:latest":
  version: 2.0.6379-1
  resolution: "@citizenfx/client@npm:2.0.6379-1"
  checksum: 8bebd42b0833766c3dae2e9c37d146d89544588312a0eecf4ff4bec7ab7ebdfaea924dfc52f1f4a992602f9b709a713517bdd25266e5cf60b6aa28a634966b72
  languageName: node
  linkType: hard

"@citizenfx/server@npm:latest":
  version: 2.0.6379-1
  resolution: "@citizenfx/server@npm:2.0.6379-1"
  checksum: 71f9de443df4f98b91eab8c831e1744a62aebc39a2ab6db5af1931f13151e94bf5df61b9f96a229aebe66308f062bd8aeb47b1f347d849086f136c9e4843f107
  languageName: node
  linkType: hard

"@esbuild/linux-loong64@npm:0.14.54":
  version: 0.14.54
  resolution: "@esbuild/linux-loong64@npm:0.14.54"
  conditions: os=linux & cpu=loong64
  languageName: node
  linkType: hard

"@types/node@npm:^16.3.1":
  version: 16.18.23
  resolution: "@types/node@npm:16.18.23"
  checksum: 00e51db28fc7a182747f37215b3f25400b1c7a8525e09fa14e55be5798891a118ebf636a49d3197335a3580fcb8222fd4ecc20c2ccff69f1c0d233fc5697465d
  languageName: node
  linkType: hard

"esbuild-android-64@npm:0.14.54":
  version: 0.14.54
  resolution: "esbuild-android-64@npm:0.14.54"
  conditions: os=android & cpu=x64
  languageName: node
  linkType: hard

"esbuild-android-arm64@npm:0.14.54":
  version: 0.14.54
  resolution: "esbuild-android-arm64@npm:0.14.54"
  conditions: os=android & cpu=arm64
  languageName: node
  linkType: hard

"esbuild-darwin-64@npm:0.14.54":
  version: 0.14.54
  resolution: "esbuild-darwin-64@npm:0.14.54"
  conditions: os=darwin & cpu=x64
  languageName: node
  linkType: hard

"esbuild-darwin-arm64@npm:0.14.54":
  version: 0.14.54
  resolution: "esbuild-darwin-arm64@npm:0.14.54"
  conditions: os=darwin & cpu=arm64
  languageName: node
  linkType: hard

"esbuild-freebsd-64@npm:0.14.54":
  version: 0.14.54
  resolution: "esbuild-freebsd-64@npm:0.14.54"
  conditions: os=freebsd & cpu=x64
  languageName: node
  linkType: hard

"esbuild-freebsd-arm64@npm:0.14.54":
  version: 0.14.54
  resolution: "esbuild-freebsd-arm64@npm:0.14.54"
  conditions: os=freebsd & cpu=arm64
  languageName: node
  linkType: hard

"esbuild-linux-32@npm:0.14.54":
  version: 0.14.54
  resolution: "esbuild-linux-32@npm:0.14.54"
  conditions: os=linux & cpu=ia32
  languageName: node
  linkType: hard

"esbuild-linux-64@npm:0.14.54":
  version: 0.14.54
  resolution: "esbuild-linux-64@npm:0.14.54"
  conditions: os=linux & cpu=x64
  languageName: node
  linkType: hard

"esbuild-linux-arm64@npm:0.14.54":
  version: 0.14.54
  resolution: "esbuild-linux-arm64@npm:0.14.54"
  conditions: os=linux & cpu=arm64
  languageName: node
  linkType: hard

"esbuild-linux-arm@npm:0.14.54":
  version: 0.14.54
  resolution: "esbuild-linux-arm@npm:0.14.54"
  conditions: os=linux & cpu=arm
  languageName: node
  linkType: hard

"esbuild-linux-mips64le@npm:0.14.54":
  version: 0.14.54
  resolution: "esbuild-linux-mips64le@npm:0.14.54"
  conditions: os=linux & cpu=mips64el
  languageName: node
  linkType: hard

"esbuild-linux-ppc64le@npm:0.14.54":
  version: 0.14.54
  resolution: "esbuild-linux-ppc64le@npm:0.14.54"
  conditions: os=linux & cpu=ppc64
  languageName: node
  linkType: hard

"esbuild-linux-riscv64@npm:0.14.54":
  version: 0.14.54
  resolution: "esbuild-linux-riscv64@npm:0.14.54"
  conditions: os=linux & cpu=riscv64
  languageName: node
  linkType: hard

"esbuild-linux-s390x@npm:0.14.54":
  version: 0.14.54
  resolution: "esbuild-linux-s390x@npm:0.14.54"
  conditions: os=linux & cpu=s390x
  languageName: node
  linkType: hard

"esbuild-netbsd-64@npm:0.14.54":
  version: 0.14.54
  resolution: "esbuild-netbsd-64@npm:0.14.54"
  conditions: os=netbsd & cpu=x64
  languageName: node
  linkType: hard

"esbuild-openbsd-64@npm:0.14.54":
  version: 0.14.54
  resolution: "esbuild-openbsd-64@npm:0.14.54"
  conditions: os=openbsd & cpu=x64
  languageName: node
  linkType: hard

"esbuild-sunos-64@npm:0.14.54":
  version: 0.14.54
  resolution: "esbuild-sunos-64@npm:0.14.54"
  conditions: os=sunos & cpu=x64
  languageName: node
  linkType: hard

"esbuild-windows-32@npm:0.14.54":
  version: 0.14.54
  resolution: "esbuild-windows-32@npm:0.14.54"
  conditions: os=win32 & cpu=ia32
  languageName: node
  linkType: hard

"esbuild-windows-64@npm:0.14.54":
  version: 0.14.54
  resolution: "esbuild-windows-64@npm:0.14.54"
  conditions: os=win32 & cpu=x64
  languageName: node
  linkType: hard

"esbuild-windows-arm64@npm:0.14.54":
  version: 0.14.54
  resolution: "esbuild-windows-arm64@npm:0.14.54"
  conditions: os=win32 & cpu=arm64
  languageName: node
  linkType: hard

"esbuild@npm:^0.14.10":
  version: 0.14.54
  resolution: "esbuild@npm:0.14.54"
  dependencies:
    "@esbuild/linux-loong64": 0.14.54
    esbuild-android-64: 0.14.54
    esbuild-android-arm64: 0.14.54
    esbuild-darwin-64: 0.14.54
    esbuild-darwin-arm64: 0.14.54
    esbuild-freebsd-64: 0.14.54
    esbuild-freebsd-arm64: 0.14.54
    esbuild-linux-32: 0.14.54
    esbuild-linux-64: 0.14.54
    esbuild-linux-arm: 0.14.54
    esbuild-linux-arm64: 0.14.54
    esbuild-linux-mips64le: 0.14.54
    esbuild-linux-ppc64le: 0.14.54
    esbuild-linux-riscv64: 0.14.54
    esbuild-linux-s390x: 0.14.54
    esbuild-netbsd-64: 0.14.54
    esbuild-openbsd-64: 0.14.54
    esbuild-sunos-64: 0.14.54
    esbuild-windows-32: 0.14.54
    esbuild-windows-64: 0.14.54
    esbuild-windows-arm64: 0.14.54
  dependenciesMeta:
    "@esbuild/linux-loong64":
      optional: true
    esbuild-android-64:
      optional: true
    esbuild-android-arm64:
      optional: true
    esbuild-darwin-64:
      optional: true
    esbuild-darwin-arm64:
      optional: true
    esbuild-freebsd-64:
      optional: true
    esbuild-freebsd-arm64:
      optional: true
    esbuild-linux-32:
      optional: true
    esbuild-linux-64:
      optional: true
    esbuild-linux-arm:
      optional: true
    esbuild-linux-arm64:
      optional: true
    esbuild-linux-mips64le:
      optional: true
    esbuild-linux-ppc64le:
      optional: true
    esbuild-linux-riscv64:
      optional: true
    esbuild-linux-s390x:
      optional: true
    esbuild-netbsd-64:
      optional: true
    esbuild-openbsd-64:
      optional: true
    esbuild-sunos-64:
      optional: true
    esbuild-windows-32:
      optional: true
    esbuild-windows-64:
      optional: true
    esbuild-windows-arm64:
      optional: true
  bin:
    esbuild: bin/esbuild
  checksum: 49e360b1185c797f5ca3a7f5f0a75121494d97ddf691f65ed1796e6257d318f928342a97f559bb8eced6a90cf604dd22db4a30e0dbbf15edd9dbf22459b639af
  languageName: node
  linkType: hard

"vehicle_showroom@workspace:.":
  version: 0.0.0-use.local
  resolution: "vehicle_showroom@workspace:."
  dependencies:
    "@citizenfx/client": latest
    "@citizenfx/server": latest
    "@types/node": ^16.3.1
    esbuild: ^0.14.10
  languageName: unknown
  linkType: soft
